
Microsoft Visual Studio Solution File, Format Version 12.00
# Visual Studio Version 17
VisualStudioVersion = 17.7.34018.315
MinimumVisualStudioVersion = 10.0.40219.1
Project("{FAE04EC0-301F-11D3-BF4B-00C04F79EFBC}") = "PsuedoStack", "PsuedoStack\PsuedoStack.csproj", "{FB3B08D5-D307-49DB-87CD-708E8D2BB80E}"
EndProject
Global
	GlobalSection(SolutionConfigurationPlatforms) = preSolution
		Debug|Any CPU = Debug|Any CPU
		Release|Any CPU = Release|Any CPU
	EndGlobalSection
	GlobalSection(ProjectConfigurationPlatforms) = postSolution
		{FB3B08D5-D307-49DB-87CD-708E8D2BB80E}.Debug|Any CPU.ActiveCfg = Debug|Any CPU
		{FB3B08D5-D307-49DB-87CD-708E8D2BB80E}.Debug|Any CPU.Build.0 = Debug|Any CPU
		{FB3B08D5-D307-49DB-87CD-708E8D2BB80E}.Release|Any CPU.ActiveCfg = Release|Any CPU
		{FB3B08D5-D307-49DB-87CD-708E8D2BB80E}.Release|Any CPU.Build.0 = Release|Any CPU
	EndGlobalSection
	GlobalSection(SolutionProperties) = preSolution
		HideSolutionNode = FALSE
	EndGlobalSection
	GlobalSection(ExtensibilityGlobals) = postSolution
		SolutionGuid = {57476648-4415-4EDF-8C32-402C6097C668}
	EndGlobalSection
EndGlobal
